
Microsoft Visual Studio Solution File, Format Version 12.00
# Visual Studio Version 17
VisualStudioVersion = 17.3.32804.467
MinimumVisualStudioVersion = 10.0.40219.1
Project("{8BC9CEB8-8B4A-11D0-8D11-00A0C91BC942}") = "Pointers1", "Pointers1\Pointers1.vcxproj", "{47E972F3-495D-4EB4-956F-F03FDAF52F8A}"
EndProject
Project("{8BC9CEB8-8B4A-11D0-8D11-00A0C91BC942}") = "TransferParameters", "TransferParameters\TransferParameters.vcxproj", "{ACE317BD-F305-4B56-A682-F68FEA724C09}"
EndProject
Project("{8BC9CEB8-8B4A-11D0-8D11-00A0C91BC942}") = "References", "References\References.vcxproj", "{C1C03508-9E67-4DF8-8A41-50341BF2607B}"
EndProject
Global
	GlobalSection(SolutionConfigurationPlatforms) = preSolution
		Debug|x64 = Debug|x64
		Debug|x86 = Debug|x86
		Release|x64 = Release|x64
		Release|x86 = Release|x86
	EndGlobalSection
	GlobalSection(ProjectConfigurationPlatforms) = postSolution
		{47E972F3-495D-4EB4-956F-F03FDAF52F8A}.Debug|x64.ActiveCfg = Debug|x64
		{47E972F3-495D-4EB4-956F-F03FDAF52F8A}.Debug|x64.Build.0 = Debug|x64
		{47E972F3-495D-4EB4-956F-F03FDAF52F8A}.Debug|x86.ActiveCfg = Debug|Win32
		{47E972F3-495D-4EB4-956F-F03FDAF52F8A}.Debug|x86.Build.0 = Debug|Win32
		{47E972F3-495D-4EB4-956F-F03FDAF52F8A}.Release|x64.ActiveCfg = Release|x64
		{47E972F3-495D-4EB4-956F-F03FDAF52F8A}.Release|x64.Build.0 = Release|x64
		{47E972F3-495D-4EB4-956F-F03FDAF52F8A}.Release|x86.ActiveCfg = Release|Win32
		{47E972F3-495D-4EB4-956F-F03FDAF52F8A}.Release|x86.Build.0 = Release|Win32
		{ACE317BD-F305-4B56-A682-F68FEA724C09}.Debug|x64.ActiveCfg = Debug|x64
		{ACE317BD-F305-4B56-A682-F68FEA724C09}.Debug|x64.Build.0 = Debug|x64
		{ACE317BD-F305-4B56-A682-F68FEA724C09}.Debug|x86.ActiveCfg = Debug|Win32
		{ACE317BD-F305-4B56-A682-F68FEA724C09}.Debug|x86.Build.0 = Debug|Win32
		{ACE317BD-F305-4B56-A682-F68FEA724C09}.Release|x64.ActiveCfg = Release|x64
		{ACE317BD-F305-4B56-A682-F68FEA724C09}.Release|x64.Build.0 = Release|x64
		{ACE317BD-F305-4B56-A682-F68FEA724C09}.Release|x86.ActiveCfg = Release|Win32
		{ACE317BD-F305-4B56-A682-F68FEA724C09}.Release|x86.Build.0 = Release|Win32
		{C1C03508-9E67-4DF8-8A41-50341BF2607B}.Debug|x64.ActiveCfg = Debug|x64
		{C1C03508-9E67-4DF8-8A41-50341BF2607B}.Debug|x64.Build.0 = Debug|x64
		{C1C03508-9E67-4DF8-8A41-50341BF2607B}.Debug|x86.ActiveCfg = Debug|Win32
		{C1C03508-9E67-4DF8-8A41-50341BF2607B}.Debug|x86.Build.0 = Debug|Win32
		{C1C03508-9E67-4DF8-8A41-50341BF2607B}.Release|x64.ActiveCfg = Release|x64
		{C1C03508-9E67-4DF8-8A41-50341BF2607B}.Release|x64.Build.0 = Release|x64
		{C1C03508-9E67-4DF8-8A41-50341BF2607B}.Release|x86.ActiveCfg = Release|Win32
		{C1C03508-9E67-4DF8-8A41-50341BF2607B}.Release|x86.Build.0 = Release|Win32
	EndGlobalSection
	GlobalSection(SolutionProperties) = preSolution
		HideSolutionNode = FALSE
	EndGlobalSection
	GlobalSection(ExtensibilityGlobals) = postSolution
		SolutionGuid = {60BC03C2-142A-4EB6-93EF-5D152C273DAB}
	EndGlobalSection
EndGlobal
